
Microsoft Visual Studio Solution File, Format Version 12.00
# Visual Studio 14
VisualStudioVersion = 14.0.25420.1
MinimumVisualStudioVersion = 10.0.40219.1
Project("{FAE04EC0-301F-11D3-BF4B-00C04F79EFBC}") = "AccountingBookWeb", "AccountingBookWeb\AccountingBookWeb.csproj", "{81FF8424-F2A5-4A0A-BA7C-BDE04C41549F}"
EndProject
Project("{FAE04EC0-301F-11D3-BF4B-00C04F79EFBC}") = "AccountingBookBL", "AccountingBookBL\AccountingBookBL.csproj", "{F041D79D-29BD-455E-915E-1B09C0DC452D}"
EndProject
Global
	GlobalSection(SolutionConfigurationPlatforms) = preSolution
		Debug|Any CPU = Debug|Any CPU
		Release|Any CPU = Release|Any CPU
	EndGlobalSection
	GlobalSection(ProjectConfigurationPlatforms) = postSolution
		{81FF8424-F2A5-4A0A-BA7C-BDE04C41549F}.Debug|Any CPU.ActiveCfg = Debug|Any CPU
		{81FF8424-F2A5-4A0A-BA7C-BDE04C41549F}.Debug|Any CPU.Build.0 = Debug|Any CPU
		{81FF8424-F2A5-4A0A-BA7C-BDE04C41549F}.Release|Any CPU.ActiveCfg = Release|Any CPU
		{81FF8424-F2A5-4A0A-BA7C-BDE04C41549F}.Release|Any CPU.Build.0 = Release|Any CPU
		{F041D79D-29BD-455E-915E-1B09C0DC452D}.Debug|Any CPU.ActiveCfg = Debug|Any CPU
		{F041D79D-29BD-455E-915E-1B09C0DC452D}.Debug|Any CPU.Build.0 = Debug|Any CPU
		{F041D79D-29BD-455E-915E-1B09C0DC452D}.Release|Any CPU.ActiveCfg = Release|Any CPU
		{F041D79D-29BD-455E-915E-1B09C0DC452D}.Release|Any CPU.Build.0 = Release|Any CPU
	EndGlobalSection
	GlobalSection(SolutionProperties) = preSolution
		HideSolutionNode = FALSE
	EndGlobalSection
EndGlobal
