
Microsoft Visual Studio Solution File, Format Version 12.00
# Visual Studio 14
VisualStudioVersion = 14.0.25420.1
MinimumVisualStudioVersion = 10.0.40219.1
Project("{FAE04EC0-301F-11D3-BF4B-00C04F79EFBC}") = "AccountingBookWeb", "AccountingBookWeb\AccountingBookWeb.csproj", "{81FF8424-F2A5-4A0A-BA7C-BDE04C41549F}"
EndProject
Project("{FAE04EC0-301F-11D3-BF4B-00C04F79EFBC}") = "AccountingBookBL", "AccountingBookBL\AccountingBookBL.csproj", "{F041D79D-29BD-455E-915E-1B09C0DC452D}"
EndProject
Project("{FAE04EC0-301F-11D3-BF4B-00C04F79EFBC}") = "AccountingBookCommon", "AccountingBookCommon\AccountingBookCommon.csproj", "{28509497-C4C0-4CE5-8CE8-02AEB8F6554A}"
EndProject
Project("{FAE04EC0-301F-11D3-BF4B-00C04F79EFBC}") = "AccountingBookData", "AccountingBookData\AccountingBookData.csproj", "{28CD17F8-4A0C-4F55-AE0E-E9FDAC6C824C}"
EndProject
Project("{FAE04EC0-301F-11D3-BF4B-00C04F79EFBC}") = "AccountingBookService.Contracts", "AccountingBookService.Contracts\AccountingBookService.Contracts.csproj", "{E3668978-7803-45AE-976D-C3E2F7677F36}"
EndProject
Project("{FAE04EC0-301F-11D3-BF4B-00C04F79EFBC}") = "AccountingBookService.Contracts.Models", "AccountingBookService.Contracts.Models\AccountingBookService.Contracts.Models.csproj", "{250A1AC2-B0F3-45C4-9E85-5C1911025616}"
EndProject
Project("{FAE04EC0-301F-11D3-BF4B-00C04F79EFBC}") = "AccountingBookService", "AccountingBookService\AccountingBookService.csproj", "{3D49893E-96C0-46E3-8198-25507784A4FD}"
EndProject
Project("{FAE04EC0-301F-11D3-BF4B-00C04F79EFBC}") = "AccountingBookDependencies", "AccountingBookDependencies\AccountingBookDependencies.csproj", "{53168CCE-DFFD-4926-99B2-42FC45D2222B}"
EndProject
Global
	GlobalSection(SolutionConfigurationPlatforms) = preSolution
		Debug|Any CPU = Debug|Any CPU
		Release|Any CPU = Release|Any CPU
	EndGlobalSection
	GlobalSection(ProjectConfigurationPlatforms) = postSolution
		{81FF8424-F2A5-4A0A-BA7C-BDE04C41549F}.Debug|Any CPU.ActiveCfg = Debug|Any CPU
		{81FF8424-F2A5-4A0A-BA7C-BDE04C41549F}.Debug|Any CPU.Build.0 = Debug|Any CPU
		{81FF8424-F2A5-4A0A-BA7C-BDE04C41549F}.Release|Any CPU.ActiveCfg = Release|Any CPU
		{81FF8424-F2A5-4A0A-BA7C-BDE04C41549F}.Release|Any CPU.Build.0 = Release|Any CPU
		{F041D79D-29BD-455E-915E-1B09C0DC452D}.Debug|Any CPU.ActiveCfg = Debug|Any CPU
		{F041D79D-29BD-455E-915E-1B09C0DC452D}.Debug|Any CPU.Build.0 = Debug|Any CPU
		{F041D79D-29BD-455E-915E-1B09C0DC452D}.Release|Any CPU.ActiveCfg = Release|Any CPU
		{F041D79D-29BD-455E-915E-1B09C0DC452D}.Release|Any CPU.Build.0 = Release|Any CPU
		{28509497-C4C0-4CE5-8CE8-02AEB8F6554A}.Debug|Any CPU.ActiveCfg = Debug|Any CPU
		{28509497-C4C0-4CE5-8CE8-02AEB8F6554A}.Debug|Any CPU.Build.0 = Debug|Any CPU
		{28509497-C4C0-4CE5-8CE8-02AEB8F6554A}.Release|Any CPU.ActiveCfg = Release|Any CPU
		{28509497-C4C0-4CE5-8CE8-02AEB8F6554A}.Release|Any CPU.Build.0 = Release|Any CPU
		{28CD17F8-4A0C-4F55-AE0E-E9FDAC6C824C}.Debug|Any CPU.ActiveCfg = Debug|Any CPU
		{28CD17F8-4A0C-4F55-AE0E-E9FDAC6C824C}.Debug|Any CPU.Build.0 = Debug|Any CPU
		{28CD17F8-4A0C-4F55-AE0E-E9FDAC6C824C}.Release|Any CPU.ActiveCfg = Release|Any CPU
		{28CD17F8-4A0C-4F55-AE0E-E9FDAC6C824C}.Release|Any CPU.Build.0 = Release|Any CPU
		{E3668978-7803-45AE-976D-C3E2F7677F36}.Debug|Any CPU.ActiveCfg = Debug|Any CPU
		{E3668978-7803-45AE-976D-C3E2F7677F36}.Debug|Any CPU.Build.0 = Debug|Any CPU
		{E3668978-7803-45AE-976D-C3E2F7677F36}.Release|Any CPU.ActiveCfg = Release|Any CPU
		{E3668978-7803-45AE-976D-C3E2F7677F36}.Release|Any CPU.Build.0 = Release|Any CPU
		{250A1AC2-B0F3-45C4-9E85-5C1911025616}.Debug|Any CPU.ActiveCfg = Debug|Any CPU
		{250A1AC2-B0F3-45C4-9E85-5C1911025616}.Debug|Any CPU.Build.0 = Debug|Any CPU
		{250A1AC2-B0F3-45C4-9E85-5C1911025616}.Release|Any CPU.ActiveCfg = Release|Any CPU
		{250A1AC2-B0F3-45C4-9E85-5C1911025616}.Release|Any CPU.Build.0 = Release|Any CPU
		{3D49893E-96C0-46E3-8198-25507784A4FD}.Debug|Any CPU.ActiveCfg = Debug|Any CPU
		{3D49893E-96C0-46E3-8198-25507784A4FD}.Debug|Any CPU.Build.0 = Debug|Any CPU
		{3D49893E-96C0-46E3-8198-25507784A4FD}.Release|Any CPU.ActiveCfg = Release|Any CPU
		{3D49893E-96C0-46E3-8198-25507784A4FD}.Release|Any CPU.Build.0 = Release|Any CPU
		{53168CCE-DFFD-4926-99B2-42FC45D2222B}.Debug|Any CPU.ActiveCfg = Debug|Any CPU
		{53168CCE-DFFD-4926-99B2-42FC45D2222B}.Debug|Any CPU.Build.0 = Debug|Any CPU
		{53168CCE-DFFD-4926-99B2-42FC45D2222B}.Release|Any CPU.ActiveCfg = Release|Any CPU
		{53168CCE-DFFD-4926-99B2-42FC45D2222B}.Release|Any CPU.Build.0 = Release|Any CPU
	EndGlobalSection
	GlobalSection(SolutionProperties) = preSolution
		HideSolutionNode = FALSE
	EndGlobalSection
EndGlobal
